
Microsoft Visual Studio Solution File, Format Version 12.00
# Visual Studio Version 17
VisualStudioVersion = 17.10.34916.146
MinimumVisualStudioVersion = 10.0.40219.1
Project("{FAE04EC0-301F-11D3-BF4B-00C04F79EFBC}") = "MicrowaveOvenControllerSolution.UnitTests", "MicrowaveOvenControllerSolution\MicrowaveOvenControllerSolution.UnitTests.csproj", "{2E4A8D6D-DA48-4A0F-B94B-E345DC267D12}"
EndProject
Project("{FAE04EC0-301F-11D3-BF4B-00C04F79EFBC}") = "MicrowaveOvenControllerSolution.Core", "MicrovaweOvenControllerSolution.Core\MicrowaveOvenControllerSolution.Core.csproj", "{164B2080-8820-499F-B406-4A44EDEA3F43}"
EndProject
Global
	GlobalSection(SolutionConfigurationPlatforms) = preSolution
		Debug|Any CPU = Debug|Any CPU
		Release|Any CPU = Release|Any CPU
	EndGlobalSection
	GlobalSection(ProjectConfigurationPlatforms) = postSolution
		{2E4A8D6D-DA48-4A0F-B94B-E345DC267D12}.Debug|Any CPU.ActiveCfg = Debug|Any CPU
		{2E4A8D6D-DA48-4A0F-B94B-E345DC267D12}.Debug|Any CPU.Build.0 = Debug|Any CPU
		{2E4A8D6D-DA48-4A0F-B94B-E345DC267D12}.Release|Any CPU.ActiveCfg = Release|Any CPU
		{2E4A8D6D-DA48-4A0F-B94B-E345DC267D12}.Release|Any CPU.Build.0 = Release|Any CPU
		{164B2080-8820-499F-B406-4A44EDEA3F43}.Debug|Any CPU.ActiveCfg = Debug|Any CPU
		{164B2080-8820-499F-B406-4A44EDEA3F43}.Debug|Any CPU.Build.0 = Debug|Any CPU
		{164B2080-8820-499F-B406-4A44EDEA3F43}.Release|Any CPU.ActiveCfg = Release|Any CPU
		{164B2080-8820-499F-B406-4A44EDEA3F43}.Release|Any CPU.Build.0 = Release|Any CPU
	EndGlobalSection
	GlobalSection(SolutionProperties) = preSolution
		HideSolutionNode = FALSE
	EndGlobalSection
	GlobalSection(ExtensibilityGlobals) = postSolution
		SolutionGuid = {32DCAE69-ACB0-4CA8-9293-5081065B2F7B}
	EndGlobalSection
EndGlobal
